{
    "_meta": {
        "hash": {
            "sha256": "faf03f40a101a832d7c99606a20929511e47853653bc1383834ddca989a9f570"
        },
        "pipfile-spec": 6,
        "requires": {
            "python_version": "3.8"
        },
        "sources": [
            {
                "name": "pypi",
                "url": "https://pypi.org/simple",
                "verify_ssl": true
            }
        ]
    },
    "default": {
        "pycountry": {
            "hashes": [
                "sha256:81084a53d3454344c0292deebc20fcd0a1488c136d4900312cbd465cf552cb42"
            ],
            "index": "pypi",
            "version": "==20.7.3"
        }
    },
    "develop": {}
}
